lockfileVersion: '9.0'

settings:
  autoInstallPeers: true
  excludeLinksFromLockfile: false

importers:

  .:
    dependencies:
      '@node-rs/xxhash':
        specifier: ^1.7.3
        version: 1.7.3
      benchmark:
        specifier: ^2.1.4
        version: 2.1.4
      hash-wasm:
        specifier: ^4.11.0
        version: 4.11.0
      xxhash-addon:
        specifier: ^2.0.3
        version: 2.0.3
      xxhash-wasm:
        specifier: ^1.0.2
        version: 1.0.2

packages:

  '@emnapi/core@1.2.0':
    resolution: {integrity: sha512-E7Vgw78I93we4ZWdYCb4DGAwRROGkMIXk7/y87UmANR+J6qsWusmC3gLt0H+O0KOt5e6O38U8oJamgbudrES/w==}

  '@emnapi/runtime@1.2.0':
    resolution: {integrity: sha512-bV21/9LQmcQeCPEg3BDFtvwL6cwiTMksYNWQQ4KOxCZikEGalWtenoZ0wCiukJINlGCIi2KXx01g4FoH/LxpzQ==}

  '@emnapi/wasi-threads@1.0.1':
    resolution: {integrity: sha512-iIBu7mwkq4UQGeMEM8bLwNK962nXdhodeScX4slfQnRhEMMzvYivHhutCIk8uojvmASXXPC2WNEjwxFWk72Oqw==}

  '@napi-rs/wasm-runtime@0.2.4':
    resolution: {integrity: sha512-9zESzOO5aDByvhIAsOy9TbpZ0Ur2AJbUI7UT73kcUTS2mxAMHOBaa1st/jAymNoCtvrit99kkzT1FZuXVcgfIQ==}

  '@node-rs/xxhash-android-arm-eabi@1.7.3':
    resolution: {integrity: sha512-BQTZxzBwmQg23G38X0ysjbw91cKXYBF/35j6bywEZjBvbn8QwT8rpmYVmNqQ28QtIO3/P6/LJqYm6rRbY6EzvA==}
    engines: {node: '>= 12'}
    cpu: [arm]
    os: [android]

  '@node-rs/xxhash-android-arm64@1.7.3':
    resolution: {integrity: sha512-3ifUgdNzZTPHtg4FWaQ3XTlsIMN6GSWbcH6UUx4xe4hZyeZs865m/1Id5ur4HqFSTRCqq1J5JG2sf8vRb8zJxw==}
    engines: {node: '>= 12'}
    cpu: [arm64]
    os: [android]

  '@node-rs/xxhash-darwin-arm64@1.7.3':
    resolution: {integrity: sha512-xsXlhRrMOvVnnMey3LuutVULv5UcHZiimdXv98V4wmTXCJqnP4lu+svB283NVY2Sgm0hTAq3IvIQ2vbFLkthzA==}
    engines: {node: '>= 12'}
    cpu: [arm64]
    os: [darwin]

  '@node-rs/xxhash-darwin-x64@1.7.3':
    resolution: {integrity: sha512-b9UAR8JwiZIamfdlplGlArAb/O1FpZgIdOI2ujBXfsevkPWsl6bxgghsNzWCQiBjCAagSzfzwZ/YunJnNv+1dw==}
    engines: {node: '>= 12'}
    cpu: [x64]
    os: [darwin]

  '@node-rs/xxhash-freebsd-x64@1.7.3':
    resolution: {integrity: sha512-WPZIcF4k4reQF0w+JTKRhfVTO9Xh418uI1UDva7p+K8h/BxKd2z43BzAsnLgnnsH7JTOcGcsNeajHLoXeSYExw==}
    engines: {node: '>= 12'}
    cpu: [x64]
    os: [freebsd]

  '@node-rs/xxhash-linux-arm-gnueabihf@1.7.3':
    resolution: {integrity: sha512-XHZknt9apzBkGWp1Kz4Q9/GmgcTEj/VGnGcSJVuU+mvPqrOnFxi5wJzE4yw6w3Vl72jTMI0N2tx+jIHT0G7k4g==}
    engines: {node: '>= 12'}
    cpu: [arm]
    os: [linux]

  '@node-rs/xxhash-linux-arm64-gnu@1.7.3':
    resolution: {integrity: sha512-jNYenmfb7r44o3ihuF3tG3YKqe5wn6jGp/4dkiF0e5s1A9Eyjx3tUn8NxAaONEJKE8qKtPns0Z4bnvQQDHa1Sw==}
    engines: {node: '>= 12'}
    cpu: [arm64]
    os: [linux]

  '@node-rs/xxhash-linux-arm64-musl@1.7.3':
    resolution: {integrity: sha512-sxEDrMdZDxYTo++VElmC34FZKSkNte7o2fCLq6falb9mx+1kMJa8QbF+Gk5wcVabjnbMgcLTiBez8LF0SRLSew==}
    engines: {node: '>= 12'}
    cpu: [arm64]
    os: [linux]

  '@node-rs/xxhash-linux-x64-gnu@1.7.3':
    resolution: {integrity: sha512-Aw61p+EiDEuVHYATEvsxb0kKJryiRUiKxjmDHH4s7Z6lpXcSyNQemGkbZUr+CX5+plnMXIIuzNinBbVQl2NRvQ==}
    engines: {node: '>= 12'}
    cpu: [x64]
    os: [linux]

  '@node-rs/xxhash-linux-x64-musl@1.7.3':
    resolution: {integrity: sha512-cvolPw1xfUkHAObcaRDu8tRjm4/q2ei3AGGwkfoYKsCI3pAU0vkDqr9SIju3xjNom7XCKCkLkD1EYJ4dBdHdvQ==}
    engines: {node: '>= 12'}
    cpu: [x64]
    os: [linux]

  '@node-rs/xxhash-wasm32-wasi@1.7.3':
    resolution: {integrity: sha512-xUvXOaGOyUcc892k+mrMA9hkUIdUu2KUuoYOx7FoWlOLvlo+nNGXUazTWfS9tjzypAW0jB80lA/uMwGZr9ncWA==}
    engines: {node: '>=14.0.0'}
    cpu: [wasm32]

  '@node-rs/xxhash-win32-arm64-msvc@1.7.3':
    resolution: {integrity: sha512-J90MJoVGoHNJj8RxYoAupAZijZ/Jui8szJ9KIHGPOD/g4jXlmNo4oBQMwbEWZDX0oYftNvRxA6MJWwet6mz6ow==}
    engines: {node: '>= 12'}
    cpu: [arm64]
    os: [win32]

  '@node-rs/xxhash-win32-ia32-msvc@1.7.3':
    resolution: {integrity: sha512-oaAkcgfHWUgrNGZzKXv+vOfs3xFxNwH4SAhETz40U+42XrgHx3m7aPoPrMiiTnWxiNOd2mIiioYUjh3QHwuktA==}
    engines: {node: '>= 12'}
    cpu: [ia32]
    os: [win32]

  '@node-rs/xxhash-win32-x64-msvc@1.7.3':
    resolution: {integrity: sha512-53v0vgPzE3oogIQJzK7D7lzEapWQZrhI5+aNnIq18tYawixXUIyPLmx8U7S461i/kkqVF7IzQy4hbcW7NzzHxw==}
    engines: {node: '>= 12'}
    cpu: [x64]
    os: [win32]

  '@node-rs/xxhash@1.7.3':
    resolution: {integrity: sha512-uK06Hw0hDxQcfKsCAYJlIirQHO74KfuGp9+/q+Pc1sBFITsA7+UOj4dM71jV9z59+qktNVmp/m9bEjZ8fRrWLQ==}
    engines: {node: '>= 12'}

  '@tybys/wasm-util@0.9.0':
    resolution: {integrity: sha512-6+7nlbMVX/PVDCwaIQ8nTOPveOcFLSt8GcXdx8hD0bt39uWxYT88uXzqTd4fTvqta7oeUJqudepapKNt2DYJFw==}

  benchmark@2.1.4:
    resolution: {integrity: sha512-l9MlfN4M1K/H2fbhfMy3B7vJd6AGKJVQn2h6Sg/Yx+KckoUA7ewS5Vv6TjSq18ooE1kS9hhAlQRH3AkXIh/aOQ==}

  hash-wasm@4.11.0:
    resolution: {integrity: sha512-HVusNXlVqHe0fzIzdQOGolnFN6mX/fqcrSAOcTBXdvzrXVHwTz11vXeKRmkR5gTuwVpvHZEIyKoePDvuAR+XwQ==}

  lodash@4.17.21:
    resolution: {integrity: sha512-v2kDEe57lecTulaDIuNTPy3Ry4gLGJ6Z1O3vE1krgXZNrsQ+LFTGHVxVjcXPs17LhbZVGedAJv8XZ1tvj5FvSg==}

  platform@1.3.6:
    resolution: {integrity: sha512-fnWVljUchTro6RiCFvCXBbNhJc2NijN7oIQxbwsyL0buWJPG85v81ehlHI9fXrJsMNgTofEoWIQeClKpgxFLrg==}

  tslib@2.6.3:
    resolution: {integrity: sha512-xNvxJEOUiWPGhUuUdQgAJPKOOJfGnIyKySOc09XkKsgdUV/3E2zvwZYdejjmRgPCgcym1juLH3226yA7sEFJKQ==}

  xxhash-addon@2.0.3:
    resolution: {integrity: sha512-MIL+yTvK2HaVHe1VXfVtXd884pakIaNbjuNHAqIhVFrye87+ZCn0s3RSafqiYB1ASqrZoGsm8URjPiupGLuP+A==}
    engines: {node: '>=8.6.0 <9.0.0 || >=10.0.0'}

  xxhash-wasm@1.0.2:
    resolution: {integrity: sha512-ibF0Or+FivM9lNrg+HGJfVX8WJqgo+kCLDc4vx6xMeTce7Aj+DLttKbxxRR/gNLSAelRc1omAPlJ77N/Jem07A==}

snapshots:

  '@emnapi/core@1.2.0':
    dependencies:
      '@emnapi/wasi-threads': 1.0.1
      tslib: 2.6.3
    optional: true

  '@emnapi/runtime@1.2.0':
    dependencies:
      tslib: 2.6.3
    optional: true

  '@emnapi/wasi-threads@1.0.1':
    dependencies:
      tslib: 2.6.3
    optional: true

  '@napi-rs/wasm-runtime@0.2.4':
    dependencies:
      '@emnapi/core': 1.2.0
      '@emnapi/runtime': 1.2.0
      '@tybys/wasm-util': 0.9.0
    optional: true

  '@node-rs/xxhash-android-arm-eabi@1.7.3':
    optional: true

  '@node-rs/xxhash-android-arm64@1.7.3':
    optional: true

  '@node-rs/xxhash-darwin-arm64@1.7.3':
    optional: true

  '@node-rs/xxhash-darwin-x64@1.7.3':
    optional: true

  '@node-rs/xxhash-freebsd-x64@1.7.3':
    optional: true

  '@node-rs/xxhash-linux-arm-gnueabihf@1.7.3':
    optional: true

  '@node-rs/xxhash-linux-arm64-gnu@1.7.3':
    optional: true

  '@node-rs/xxhash-linux-arm64-musl@1.7.3':
    optional: true

  '@node-rs/xxhash-linux-x64-gnu@1.7.3':
    optional: true

  '@node-rs/xxhash-linux-x64-musl@1.7.3':
    optional: true

  '@node-rs/xxhash-wasm32-wasi@1.7.3':
    dependencies:
      '@napi-rs/wasm-runtime': 0.2.4
    optional: true

  '@node-rs/xxhash-win32-arm64-msvc@1.7.3':
    optional: true

  '@node-rs/xxhash-win32-ia32-msvc@1.7.3':
    optional: true

  '@node-rs/xxhash-win32-x64-msvc@1.7.3':
    optional: true

  '@node-rs/xxhash@1.7.3':
    optionalDependencies:
      '@node-rs/xxhash-android-arm-eabi': 1.7.3
      '@node-rs/xxhash-android-arm64': 1.7.3
      '@node-rs/xxhash-darwin-arm64': 1.7.3
      '@node-rs/xxhash-darwin-x64': 1.7.3
      '@node-rs/xxhash-freebsd-x64': 1.7.3
      '@node-rs/xxhash-linux-arm-gnueabihf': 1.7.3
      '@node-rs/xxhash-linux-arm64-gnu': 1.7.3
      '@node-rs/xxhash-linux-arm64-musl': 1.7.3
      '@node-rs/xxhash-linux-x64-gnu': 1.7.3
      '@node-rs/xxhash-linux-x64-musl': 1.7.3
      '@node-rs/xxhash-wasm32-wasi': 1.7.3
      '@node-rs/xxhash-win32-arm64-msvc': 1.7.3
      '@node-rs/xxhash-win32-ia32-msvc': 1.7.3
      '@node-rs/xxhash-win32-x64-msvc': 1.7.3

  '@tybys/wasm-util@0.9.0':
    dependencies:
      tslib: 2.6.3
    optional: true

  benchmark@2.1.4:
    dependencies:
      lodash: 4.17.21
      platform: 1.3.6

  hash-wasm@4.11.0: {}

  lodash@4.17.21: {}

  platform@1.3.6: {}

  tslib@2.6.3:
    optional: true

  xxhash-addon@2.0.3: {}

  xxhash-wasm@1.0.2: {}
